
Microsoft Visual Studio Solution File, Format Version 12.00
# Visual Studio Version 17
VisualStudioVersion = 17.14.36518.9 d17.14
MinimumVisualStudioVersion = 10.0.40219.1
Project("{FAE04EC0-301F-11D3-BF4B-00C04F79EFBC}") = "Meteostation", "Meteostation\Meteostation.csproj", "{FA7B9237-3A9D-4B1E-AC8A-7622DBDE4EF2}"
EndProject
Global
	GlobalSection(SolutionConfigurationPlatforms) = preSolution
		Debug|Any CPU = Debug|Any CPU
		Release|Any CPU = Release|Any CPU
	EndGlobalSection
	GlobalSection(ProjectConfigurationPlatforms) = postSolution
		{FA7B9237-3A9D-4B1E-AC8A-7622DBDE4EF2}.Debug|Any CPU.ActiveCfg = Debug|Any CPU
		{FA7B9237-3A9D-4B1E-AC8A-7622DBDE4EF2}.Debug|Any CPU.Build.0 = Debug|Any CPU
		{FA7B9237-3A9D-4B1E-AC8A-7622DBDE4EF2}.Release|Any CPU.ActiveCfg = Release|Any CPU
		{FA7B9237-3A9D-4B1E-AC8A-7622DBDE4EF2}.Release|Any CPU.Build.0 = Release|Any CPU
	EndGlobalSection
	GlobalSection(SolutionProperties) = preSolution
		HideSolutionNode = FALSE
	EndGlobalSection
	GlobalSection(ExtensibilityGlobals) = postSolution
		SolutionGuid = {FFC74204-EFB2-4970-BE73-3B3F469E9904}
	EndGlobalSection
EndGlobal
